// !$*UTF8*$!
{
	archiveVersion = 1;
	classes = {
	};
	objectVersion = 55;
	objects = {

/* Begin PBXBuildFile section */
		4911E344277943C6003D026D /* LoginController.swift in Sources */ = {isa = PBXBuildFile; fileRef = 4911E342277943C6003D026D /* LoginController.swift */; };
		4911E345277943C6003D026D /* LoginController.xib in Resources */ = {isa = PBXBuildFile; fileRef = 4911E343277943C6003D026D /* LoginController.xib */; };
		4911E34727794593003D026D /* User.swift in Sources */ = {isa = PBXBuildFile; fileRef = 4911E34627794593003D026D /* User.swift */; };
		4911E34B27794CC3003D026D /* SignUpController.swift in Sources */ = {isa = PBXBuildFile; fileRef = 4911E34927794CC3003D026D /* SignUpController.swift */; };
		4911E34C27794CC3003D026D /* SignUpController.xib in Resources */ = {isa = PBXBuildFile; fileRef = 4911E34A27794CC3003D026D /* SignUpController.xib */; };
		4911E34E27795184003D026D /* GoogleService-Info.plist in Resources */ = {isa = PBXBuildFile; fileRef = 4911E34D27795184003D026D /* GoogleService-Info.plist */; };
		4917710F2774089100D90BC4 /* ItemCell.swift in Sources */ = {isa = PBXBuildFile; fileRef = 4917710D2774089100D90BC4 /* ItemCell.swift */; };
		491771102774089100D90BC4 /* ItemCell.xib in Resources */ = {isa = PBXBuildFile; fileRef = 4917710E2774089100D90BC4 /* ItemCell.xib */; };
		492389C22783D94200044B71 /* PDFPreviewController.swift in Sources */ = {isa = PBXBuildFile; fileRef = 492389C02783D94200044B71 /* PDFPreviewController.swift */; };
		492389C32783D94200044B71 /* PDFPreviewController.xib in Resources */ = {isa = PBXBuildFile; fileRef = 492389C12783D94200044B71 /* PDFPreviewController.xib */; };
		492389C52783DA1700044B71 /* PDFPreviewViewModel.swift in Sources */ = {isa = PBXBuildFile; fileRef = 492389C42783DA1700044B71 /* PDFPreviewViewModel.swift */; };
		494037C32775718600CCCD4C /* InvoiceCell.swift in Sources */ = {isa = PBXBuildFile; fileRef = 494037C12775718600CCCD4C /* InvoiceCell.swift */; };
		494037C42775718600CCCD4C /* InvoiceCell.xib in Resources */ = {isa = PBXBuildFile; fileRef = 494037C22775718600CCCD4C /* InvoiceCell.xib */; };
		4958A216277A18580076F2DD /* AuthService.swift in Sources */ = {isa = PBXBuildFile; fileRef = 4958A215277A18580076F2DD /* AuthService.swift */; };
		4958A218277A1A5E0076F2DD /* UserService.swift in Sources */ = {isa = PBXBuildFile; fileRef = 4958A217277A1A5E0076F2DD /* UserService.swift */; };
		4958A21B277A1ACF0076F2DD /* Constants.swift in Sources */ = {isa = PBXBuildFile; fileRef = 4958A21A277A1ACF0076F2DD /* Constants.swift */; };
		495C666B2772C76300C2676F /* NewInvoiceViewModel.swift in Sources */ = {isa = PBXBuildFile; fileRef = 495C666A2772C76300C2676F /* NewInvoiceViewModel.swift */; };
		495C666F2772CDE900C2676F /* AddItemController.swift in Sources */ = {isa = PBXBuildFile; fileRef = 495C666D2772CDE900C2676F /* AddItemController.swift */; };
		495C66702772CDE900C2676F /* AddItemController.xib in Resources */ = {isa = PBXBuildFile; fileRef = 495C666E2772CDE900C2676F /* AddItemController.xib */; };
		496A4757277179BD00DF8DE5 /* AppDelegate.swift in Sources */ = {isa = PBXBuildFile; fileRef = 496A4756277179BD00DF8DE5 /* AppDelegate.swift */; };
		496A4759277179BD00DF8DE5 /* SceneDelegate.swift in Sources */ = {isa = PBXBuildFile; fileRef = 496A4758277179BD00DF8DE5 /* SceneDelegate.swift */; };
		496A4760277179BE00DF8DE5 /* Assets.xcassets in Resources */ = {isa = PBXBuildFile; fileRef = 496A475F277179BE00DF8DE5 /* Assets.xcassets */; };
		496A4763277179BE00DF8DE5 /* LaunchScreen.storyboard in Resources */ = {isa = PBXBuildFile; fileRef = 496A4761277179BE00DF8DE5 /* LaunchScreen.storyboard */; };
		496A476F27717A6000DF8DE5 /* InvoicesController.swift in Sources */ = {isa = PBXBuildFile; fileRef = 496A476D27717A6000DF8DE5 /* InvoicesController.swift */; };
		496A477027717A6000DF8DE5 /* InvoicesController.xib in Resources */ = {isa = PBXBuildFile; fileRef = 496A476E27717A6000DF8DE5 /* InvoicesController.xib */; };
		496A477327717C8C00DF8DE5 /* MainTabController.swift in Sources */ = {isa = PBXBuildFile; fileRef = 496A477227717C8C00DF8DE5 /* MainTabController.swift */; };
		496A477727717F8800DF8DE5 /* NewInvoiceController.swift in Sources */ = {isa = PBXBuildFile; fileRef = 496A477527717F8800DF8DE5 /* NewInvoiceController.swift */; };
		496A477827717F8800DF8DE5 /* NewInvoiceController.xib in Resources */ = {isa = PBXBuildFile; fileRef = 496A477627717F8800DF8DE5 /* NewInvoiceController.xib */; };
		497A646D2777A8F40088BC30 /* InvoicesViewModel.swift in Sources */ = {isa = PBXBuildFile; fileRef = 497A646C2777A8F40088BC30 /* InvoicesViewModel.swift */; };
		497A646F2777AF910088BC30 /* Invoice.swift in Sources */ = {isa = PBXBuildFile; fileRef = 497A646E2777AF910088BC30 /* Invoice.swift */; };
		497A64712777AFA40088BC30 /* Item.swift in Sources */ = {isa = PBXBuildFile; fileRef = 497A64702777AFA40088BC30 /* Item.swift */; };
		4994374D277E19AF00B51E17 /* AddClientController.swift in Sources */ = {isa = PBXBuildFile; fileRef = 4994374B277E19AF00B51E17 /* AddClientController.swift */; };
		4994374E277E19AF00B51E17 /* AddClientController.xib in Resources */ = {isa = PBXBuildFile; fileRef = 4994374C277E19AF00B51E17 /* AddClientController.xib */; };
		49943752277E526200B51E17 /* Client.swift in Sources */ = {isa = PBXBuildFile; fileRef = 49943751277E526200B51E17 /* Client.swift */; };
		49943754277E6D0200B51E17 /* InvoiceService.swift in Sources */ = {isa = PBXBuildFile; fileRef = 49943753277E6D0200B51E17 /* InvoiceService.swift */; };
		4998055E277A5A0900C955C4 /* AuthenticationViewModel.swift in Sources */ = {isa = PBXBuildFile; fileRef = 4998055D277A5A0900C955C4 /* AuthenticationViewModel.swift */; };
		49C98BDA277A43E300E9F0A3 /* ResetPasswordController.swift in Sources */ = {isa = PBXBuildFile; fileRef = 49C98BD8277A43E300E9F0A3 /* ResetPasswordController.swift */; };
		49C98BDB277A43E300E9F0A3 /* ResetPasswordController.xib in Resources */ = {isa = PBXBuildFile; fileRef = 49C98BD9277A43E300E9F0A3 /* ResetPasswordController.xib */; };
		49C98BDE277A46C100E9F0A3 /* UIViewControllerExtension.swift in Sources */ = {isa = PBXBuildFile; fileRef = 49C98BDD277A46C100E9F0A3 /* UIViewControllerExtension.swift */; };
		DF3B89C0B3B7CD9841FBA5F4 /* Pods_InvoicesToGo.framework in Frameworks */ = {isa = PBXBuildFile; fileRef = CB0275457120A331F322505D /* Pods_InvoicesToGo.framework */; };
/* End PBXBuildFile section */

/* Begin PBXFileReference section */
		14F16E55FB124FD6A27EEB3C /* Pods-InvoicesToGo.debug.xcconfig */ = {isa = PBXFileReference; includeInIndex = 1; lastKnownFileType = text.xcconfig; name = "Pods-InvoicesToGo.debug.xcconfig"; path = "Target Support Files/Pods-InvoicesToGo/Pods-InvoicesToGo.debug.xcconfig"; sourceTree = "<group>"; };
		4911E342277943C6003D026D /* LoginController.swift */ = {isa = PBXFileReference; lastKnownFileType = sourcecode.swift; path = LoginController.swift; sourceTree = "<group>"; };
		4911E343277943C6003D026D /* LoginController.xib */ = {isa = PBXFileReference; lastKnownFileType = file.xib; path = LoginController.xib; sourceTree = "<group>"; };
		4911E34627794593003D026D /* User.swift */ = {isa = PBXFileReference; lastKnownFileType = sourcecode.swift; path = User.swift; sourceTree = "<group>"; };
		4911E34927794CC3003D026D /* SignUpController.swift */ = {isa = PBXFileReference; lastKnownFileType = sourcecode.swift; path = SignUpController.swift; sourceTree = "<group>"; };
		4911E34A27794CC3003D026D /* SignUpController.xib */ = {isa = PBXFileReference; lastKnownFileType = file.xib; path = SignUpController.xib; sourceTree = "<group>"; };
		4911E34D27795184003D026D /* GoogleService-Info.plist */ = {isa = PBXFileReference; fileEncoding = 4; lastKnownFileType = text.plist.xml; path = "GoogleService-Info.plist"; sourceTree = "<group>"; };
		4917710D2774089100D90BC4 /* ItemCell.swift */ = {isa = PBXFileReference; lastKnownFileType = sourcecode.swift; path = ItemCell.swift; sourceTree = "<group>"; };
		4917710E2774089100D90BC4 /* ItemCell.xib */ = {isa = PBXFileReference; lastKnownFileType = file.xib; path = ItemCell.xib; sourceTree = "<group>"; };
		492389C02783D94200044B71 /* PDFPreviewController.swift */ = {isa = PBXFileReference; lastKnownFileType = sourcecode.swift; path = PDFPreviewController.swift; sourceTree = "<group>"; };
		492389C12783D94200044B71 /* PDFPreviewController.xib */ = {isa = PBXFileReference; lastKnownFileType = file.xib; path = PDFPreviewController.xib; sourceTree = "<group>"; };
		492389C42783DA1700044B71 /* PDFPreviewViewModel.swift */ = {isa = PBXFileReference; lastKnownFileType = sourcecode.swift; path = PDFPreviewViewModel.swift; sourceTree = "<group>"; };
		494037C12775718600CCCD4C /* InvoiceCell.swift */ = {isa = PBXFileReference; lastKnownFileType = sourcecode.swift; path = InvoiceCell.swift; sourceTree = "<group>"; };
		494037C22775718600CCCD4C /* InvoiceCell.xib */ = {isa = PBXFileReference; lastKnownFileType = file.xib; path = InvoiceCell.xib; sourceTree = "<group>"; };
		4958A215277A18580076F2DD /* AuthService.swift */ = {isa = PBXFileReference; lastKnownFileType = sourcecode.swift; path = AuthService.swift; sourceTree = "<group>"; };
		4958A217277A1A5E0076F2DD /* UserService.swift */ = {isa = PBXFileReference; lastKnownFileType = sourcecode.swift; path = UserService.swift; sourceTree = "<group>"; };
		4958A21A277A1ACF0076F2DD /* Constants.swift */ = {isa = PBXFileReference; lastKnownFileType = sourcecode.swift; path = Constants.swift; sourceTree = "<group>"; };
		495C666A2772C76300C2676F /* NewInvoiceViewModel.swift */ = {isa = PBXFileReference; lastKnownFileType = sourcecode.swift; path = NewInvoiceViewModel.swift; sourceTree = "<group>"; };
		495C666D2772CDE900C2676F /* AddItemController.swift */ = {isa = PBXFileReference; lastKnownFileType = sourcecode.swift; path = AddItemController.swift; sourceTree = "<group>"; };
		495C666E2772CDE900C2676F /* AddItemController.xib */ = {isa = PBXFileReference; lastKnownFileType = file.xib; path = AddItemController.xib; sourceTree = "<group>"; };
		496A4753277179BD00DF8DE5 /* InvoicesToGo.app */ = {isa = PBXFileReference; explicitFileType = wrapper.application; includeInIndex = 0; path = InvoicesToGo.app; sourceTree = BUILT_PRODUCTS_DIR; };
		496A4756277179BD00DF8DE5 /* AppDelegate.swift */ = {isa = PBXFileReference; lastKnownFileType = sourcecode.swift; path = AppDelegate.swift; sourceTree = "<group>"; };
		496A4758277179BD00DF8DE5 /* SceneDelegate.swift */ = {isa = PBXFileReference; lastKnownFileType = sourcecode.swift; path = SceneDelegate.swift; sourceTree = "<group>"; };
		496A475F277179BE00DF8DE5 /* Assets.xcassets */ = {isa = PBXFileReference; lastKnownFileType = folder.assetcatalog; path = Assets.xcassets; sourceTree = "<group>"; };
		496A4762277179BE00DF8DE5 /* Base */ = {isa = PBXFileReference; lastKnownFileType = file.storyboard; name = Base; path = Base.lproj/LaunchScreen.storyboard; sourceTree = "<group>"; };
		496A4764277179BE00DF8DE5 /* Info.plist */ = {isa = PBXFileReference; lastKnownFileType = text.plist.xml; path = Info.plist; sourceTree = "<group>"; };
		496A476D27717A6000DF8DE5 /* InvoicesController.swift */ = {isa = PBXFileReference; lastKnownFileType = sourcecode.swift; path = InvoicesController.swift; sourceTree = "<group>"; };
		496A476E27717A6000DF8DE5 /* InvoicesController.xib */ = {isa = PBXFileReference; lastKnownFileType = file.xib; path = InvoicesController.xib; sourceTree = "<group>"; };
		496A477227717C8C00DF8DE5 /* MainTabController.swift */ = {isa = PBXFileReference; lastKnownFileType = sourcecode.swift; path = MainTabController.swift; sourceTree = "<group>"; };
		496A477527717F8800DF8DE5 /* NewInvoiceController.swift */ = {isa = PBXFileReference; lastKnownFileType = sourcecode.swift; path = NewInvoiceController.swift; sourceTree = "<group>"; };
		496A477627717F8800DF8DE5 /* NewInvoiceController.xib */ = {isa = PBXFileReference; lastKnownFileType = file.xib; path = NewInvoiceController.xib; sourceTree = "<group>"; };
		497A646C2777A8F40088BC30 /* InvoicesViewModel.swift */ = {isa = PBXFileReference; lastKnownFileType = sourcecode.swift; path = InvoicesViewModel.swift; sourceTree = "<group>"; };
		497A646E2777AF910088BC30 /* Invoice.swift */ = {isa = PBXFileReference; lastKnownFileType = sourcecode.swift; path = Invoice.swift; sourceTree = "<group>"; };
		497A64702777AFA40088BC30 /* Item.swift */ = {isa = PBXFileReference; lastKnownFileType = sourcecode.swift; path = Item.swift; sourceTree = "<group>"; };
		4994374B277E19AF00B51E17 /* AddClientController.swift */ = {isa = PBXFileReference; lastKnownFileType = sourcecode.swift; path = AddClientController.swift; sourceTree = "<group>"; };
		4994374C277E19AF00B51E17 /* AddClientController.xib */ = {isa = PBXFileReference; lastKnownFileType = file.xib; path = AddClientController.xib; sourceTree = "<group>"; };
		49943751277E526200B51E17 /* Client.swift */ = {isa = PBXFileReference; lastKnownFileType = sourcecode.swift; path = Client.swift; sourceTree = "<group>"; };
		49943753277E6D0200B51E17 /* InvoiceService.swift */ = {isa = PBXFileReference; lastKnownFileType = sourcecode.swift; path = InvoiceService.swift; sourceTree = "<group>"; };
		4998055D277A5A0900C955C4 /* AuthenticationViewModel.swift */ = {isa = PBXFileReference; lastKnownFileType = sourcecode.swift; path = AuthenticationViewModel.swift; sourceTree = "<group>"; };
		49C98BD8277A43E300E9F0A3 /* ResetPasswordController.swift */ = {isa = PBXFileReference; lastKnownFileType = sourcecode.swift; path = ResetPasswordController.swift; sourceTree = "<group>"; };
		49C98BD9277A43E300E9F0A3 /* ResetPasswordController.xib */ = {isa = PBXFileReference; lastKnownFileType = file.xib; path = ResetPasswordController.xib; sourceTree = "<group>"; };
		49C98BDD277A46C100E9F0A3 /* UIViewControllerExtension.swift */ = {isa = PBXFileReference; lastKnownFileType = sourcecode.swift; path = UIViewControllerExtension.swift; sourceTree = "<group>"; };
		6C4F789BEBA85BC182E224B6 /* Pods-InvoicesToGo.release.xcconfig */ = {isa = PBXFileReference; includeInIndex = 1; lastKnownFileType = text.xcconfig; name = "Pods-InvoicesToGo.release.xcconfig"; path = "Target Support Files/Pods-InvoicesToGo/Pods-InvoicesToGo.release.xcconfig"; sourceTree = "<group>"; };
		CB0275457120A331F322505D /* Pods_InvoicesToGo.framework */ = {isa = PBXFileReference; explicitFileType = wrapper.framework; includeInIndex = 0; path = Pods_InvoicesToGo.framework; sourceTree = BUILT_PRODUCTS_DIR; };
/* End PBXFileReference section */

/* Begin PBXFrameworksBuildPhase section */
		496A4750277179BD00DF8DE5 /* Frameworks */ = {
			isa = PBXFrameworksBuildPhase;
			buildActionMask = 2147483647;
			files = (
				DF3B89C0B3B7CD9841FBA5F4 /* Pods_InvoicesToGo.framework in Frameworks */,
			);
			runOnlyForDeploymentPostprocessing = 0;
		};
/* End PBXFrameworksBuildPhase section */

/* Begin PBXGroup section */
		2839DB3D031C274E157390AA /* Pods */ = {
			isa = PBXGroup;
			children = (
				14F16E55FB124FD6A27EEB3C /* Pods-InvoicesToGo.debug.xcconfig */,
				6C4F789BEBA85BC182E224B6 /* Pods-InvoicesToGo.release.xcconfig */,
			);
			path = Pods;
			sourceTree = "<group>";
		};
		4911E3402779437A003D026D /* Authentication */ = {
			isa = PBXGroup;
			children = (
				49C98BD7277A43C900E9F0A3 /* ResetPasswordController */,
				4911E34827794C8B003D026D /* SignUp */,
				4911E3412779438D003D026D /* Login */,
			);
			path = Authentication;
			sourceTree = "<group>";
		};
		4911E3412779438D003D026D /* Login */ = {
			isa = PBXGroup;
			children = (
				4911E342277943C6003D026D /* LoginController.swift */,
				4911E343277943C6003D026D /* LoginController.xib */,
			);
			path = Login;
			sourceTree = "<group>";
		};
		4911E34827794C8B003D026D /* SignUp */ = {
			isa = PBXGroup;
			children = (
				4911E34927794CC3003D026D /* SignUpController.swift */,
				4911E34A27794CC3003D026D /* SignUpController.xib */,
			);
			path = SignUp;
			sourceTree = "<group>";
		};
		4917710B2774085E00D90BC4 /* Views */ = {
			isa = PBXGroup;
			children = (
				494037C02775716C00CCCD4C /* InvoiceCell */,
				4917710C2774086600D90BC4 /* ItemCell */,
			);
			path = Views;
			sourceTree = "<group>";
		};
		4917710C2774086600D90BC4 /* ItemCell */ = {
			isa = PBXGroup;
			children = (
				4917710D2774089100D90BC4 /* ItemCell.swift */,
				4917710E2774089100D90BC4 /* ItemCell.xib */,
			);
			path = ItemCell;
			sourceTree = "<group>";
		};
		492389BF2783D90F00044B71 /* PDFPreviewController */ = {
			isa = PBXGroup;
			children = (
				492389C02783D94200044B71 /* PDFPreviewController.swift */,
				492389C12783D94200044B71 /* PDFPreviewController.xib */,
			);
			path = PDFPreviewController;
			sourceTree = "<group>";
		};
		494037C02775716C00CCCD4C /* InvoiceCell */ = {
			isa = PBXGroup;
			children = (
				494037C12775718600CCCD4C /* InvoiceCell.swift */,
				494037C22775718600CCCD4C /* InvoiceCell.xib */,
			);
			path = InvoiceCell;
			sourceTree = "<group>";
		};
		4958A213277A14E20076F2DD /* ViewModels */ = {
			isa = PBXGroup;
			children = (
				495C666A2772C76300C2676F /* NewInvoiceViewModel.swift */,
				497A646C2777A8F40088BC30 /* InvoicesViewModel.swift */,
				4998055D277A5A0900C955C4 /* AuthenticationViewModel.swift */,
				492389C42783DA1700044B71 /* PDFPreviewViewModel.swift */,
			);
			path = ViewModels;
			sourceTree = "<group>";
		};
		4958A214277A18480076F2DD /* API */ = {
			isa = PBXGroup;
			children = (
				4958A215277A18580076F2DD /* AuthService.swift */,
				4958A217277A1A5E0076F2DD /* UserService.swift */,
				49943753277E6D0200B51E17 /* InvoiceService.swift */,
			);
			path = API;
			sourceTree = "<group>";
		};
		4958A219277A1A7F0076F2DD /* Utilities */ = {
			isa = PBXGroup;
			children = (
				4958A21A277A1ACF0076F2DD /* Constants.swift */,
				49C98BDC277A469D00E9F0A3 /* Extensions */,
			);
			path = Utilities;
			sourceTree = "<group>";
		};
		495C66692772C75900C2676F /* Models */ = {
			isa = PBXGroup;
			children = (
				497A646E2777AF910088BC30 /* Invoice.swift */,
				497A64702777AFA40088BC30 /* Item.swift */,
				4911E34627794593003D026D /* User.swift */,
				49943751277E526200B51E17 /* Client.swift */,
			);
			path = Models;
			sourceTree = "<group>";
		};
		495C666C2772CCD100C2676F /* AddItem */ = {
			isa = PBXGroup;
			children = (
				495C666D2772CDE900C2676F /* AddItemController.swift */,
				495C666E2772CDE900C2676F /* AddItemController.xib */,
			);
			path = AddItem;
			sourceTree = "<group>";
		};
		496A474A277179BD00DF8DE5 = {
			isa = PBXGroup;
			children = (
				496A4755277179BD00DF8DE5 /* InvoicesToGo */,
				496A4754277179BD00DF8DE5 /* Products */,
				2839DB3D031C274E157390AA /* Pods */,
				EB19DC5D1DBF9BF385F2D5BC /* Frameworks */,
			);
			sourceTree = "<group>";
		};
		496A4754277179BD00DF8DE5 /* Products */ = {
			isa = PBXGroup;
			children = (
				496A4753277179BD00DF8DE5 /* InvoicesToGo.app */,
			);
			name = Products;
			sourceTree = "<group>";
		};
		496A4755277179BD00DF8DE5 /* InvoicesToGo */ = {
			isa = PBXGroup;
			children = (
				4958A214277A18480076F2DD /* API */,
				495C66692772C75900C2676F /* Models */,
				4958A213277A14E20076F2DD /* ViewModels */,
				4917710B2774085E00D90BC4 /* Views */,
				496A476A277179F600DF8DE5 /* Controllers */,
				4958A219277A1A7F0076F2DD /* Utilities */,
				496A4756277179BD00DF8DE5 /* AppDelegate.swift */,
				496A4758277179BD00DF8DE5 /* SceneDelegate.swift */,
				496A475F277179BE00DF8DE5 /* Assets.xcassets */,
				496A4761277179BE00DF8DE5 /* LaunchScreen.storyboard */,
				496A4764277179BE00DF8DE5 /* Info.plist */,
				4911E34D27795184003D026D /* GoogleService-Info.plist */,
			);
			path = InvoicesToGo;
			sourceTree = "<group>";
		};
		496A476A277179F600DF8DE5 /* Controllers */ = {
			isa = PBXGroup;
			children = (
				492389BF2783D90F00044B71 /* PDFPreviewController */,
				4994374A277E199700B51E17 /* AddClient */,
				496A477227717C8C00DF8DE5 /* MainTabController.swift */,
				4911E3402779437A003D026D /* Authentication */,
				495C666C2772CCD100C2676F /* AddItem */,
				496A477427717F7400DF8DE5 /* NewInvoice */,
				496A477127717AA500DF8DE5 /* Invoices */,
			);
			path = Controllers;
			sourceTree = "<group>";
		};
		496A477127717AA500DF8DE5 /* Invoices */ = {
			isa = PBXGroup;
			children = (
				496A476D27717A6000DF8DE5 /* InvoicesController.swift */,
				496A476E27717A6000DF8DE5 /* InvoicesController.xib */,
			);
			path = Invoices;
			sourceTree = "<group>";
		};
		496A477427717F7400DF8DE5 /* NewInvoice */ = {
			isa = PBXGroup;
			children = (
				496A477527717F8800DF8DE5 /* NewInvoiceController.swift */,
				496A477627717F8800DF8DE5 /* NewInvoiceController.xib */,
			);
			path = NewInvoice;
			sourceTree = "<group>";
		};
		4994374A277E199700B51E17 /* AddClient */ = {
			isa = PBXGroup;
			children = (
				4994374B277E19AF00B51E17 /* AddClientController.swift */,
				4994374C277E19AF00B51E17 /* AddClientController.xib */,
			);
			path = AddClient;
			sourceTree = "<group>";
		};
		49C98BD7277A43C900E9F0A3 /* ResetPasswordController */ = {
			isa = PBXGroup;
			children = (
				49C98BD8277A43E300E9F0A3 /* ResetPasswordController.swift */,
				49C98BD9277A43E300E9F0A3 /* ResetPasswordController.xib */,
			);
			path = ResetPasswordController;
			sourceTree = "<group>";
		};
		49C98BDC277A469D00E9F0A3 /* Extensions */ = {
			isa = PBXGroup;
			children = (
				49C98BDD277A46C100E9F0A3 /* UIViewControllerExtension.swift */,
			);
			path = Extensions;
			sourceTree = "<group>";
		};
		EB19DC5D1DBF9BF385F2D5BC /* Frameworks */ = {
			isa = PBXGroup;
			children = (
				CB0275457120A331F322505D /* Pods_InvoicesToGo.framework */,
			);
			name = Frameworks;
			sourceTree = "<group>";
		};
/* End PBXGroup section */

/* Begin PBXNativeTarget section */
		496A4752277179BD00DF8DE5 /* InvoicesToGo */ = {
			isa = PBXNativeTarget;
			buildConfigurationList = 496A4767277179BE00DF8DE5 /* Build configuration list for PBXNativeTarget "InvoicesToGo" */;
			buildPhases = (
				199860E8C6C6C62649ADF9AB /* [CP] Check Pods Manifest.lock */,
				496A474F277179BD00DF8DE5 /* Sources */,
				496A4750277179BD00DF8DE5 /* Frameworks */,
				496A4751277179BD00DF8DE5 /* Resources */,
				F2094B78021C7C3F027E2E05 /* [CP] Embed Pods Frameworks */,
			);
			buildRules = (
			);
			dependencies = (
			);
			name = InvoicesToGo;
			productName = InvoicesToGo;
			productReference = 496A4753277179BD00DF8DE5 /* InvoicesToGo.app */;
			productType = "com.apple.product-type.application";
		};
/* End PBXNativeTarget section */

/* Begin PBXProject section */
		496A474B277179BD00DF8DE5 /* Project object */ = {
			isa = PBXProject;
			attributes = {
				BuildIndependentTargetsInParallel = 1;
				LastSwiftUpdateCheck = 1320;
				LastUpgradeCheck = 1320;
				TargetAttributes = {
					496A4752277179BD00DF8DE5 = {
						CreatedOnToolsVersion = 13.2.1;
					};
				};
			};
			buildConfigurationList = 496A474E277179BD00DF8DE5 /* Build configuration list for PBXProject "InvoicesToGo" */;
			compatibilityVersion = "Xcode 13.0";
			developmentRegion = en;
			hasScannedForEncodings = 0;
			knownRegions = (
				en,
				Base,
			);
			mainGroup = 496A474A277179BD00DF8DE5;
			productRefGroup = 496A4754277179BD00DF8DE5 /* Products */;
			projectDirPath = "";
			projectRoot = "";
			targets = (
				496A4752277179BD00DF8DE5 /* InvoicesToGo */,
			);
		};
/* End PBXProject section */

/* Begin PBXResourcesBuildPhase section */
		496A4751277179BD00DF8DE5 /* Resources */ = {
			isa = PBXResourcesBuildPhase;
			buildActionMask = 2147483647;
			files = (
				4994374E277E19AF00B51E17 /* AddClientController.xib in Resources */,
				4911E34C27794CC3003D026D /* SignUpController.xib in Resources */,
				496A477827717F8800DF8DE5 /* NewInvoiceController.xib in Resources */,
				49C98BDB277A43E300E9F0A3 /* ResetPasswordController.xib in Resources */,
				4911E345277943C6003D026D /* LoginController.xib in Resources */,
				496A477027717A6000DF8DE5 /* InvoicesController.xib in Resources */,
				496A4763277179BE00DF8DE5 /* LaunchScreen.storyboard in Resources */,
				496A4760277179BE00DF8DE5 /* Assets.xcassets in Resources */,
				491771102774089100D90BC4 /* ItemCell.xib in Resources */,
				492389C32783D94200044B71 /* PDFPreviewController.xib in Resources */,
				4911E34E27795184003D026D /* GoogleService-Info.plist in Resources */,
				494037C42775718600CCCD4C /* InvoiceCell.xib in Resources */,
				495C66702772CDE900C2676F /* AddItemController.xib in Resources */,
			);
			runOnlyForDeploymentPostprocessing = 0;
		};
/* End PBXResourcesBuildPhase section */

/* Begin PBXShellScriptBuildPhase section */
		199860E8C6C6C62649ADF9AB /* [CP] Check Pods Manifest.lock */ = {
			isa = PBXShellScriptBuildPhase;
			buildActionMask = 2147483647;
			files = (
			);
			inputFileListPaths = (
			);
			inputPaths = (
				"${PODS_PODFILE_DIR_PATH}/Podfile.lock",
				"${PODS_ROOT}/Manifest.lock",
			);
			name = "[CP] Check Pods Manifest.lock";
			outputFileListPaths = (
			);
			outputPaths = (
				"$(DERIVED_FILE_DIR)/Pods-InvoicesToGo-checkManifestLockResult.txt",
			);
			runOnlyForDeploymentPostprocessing = 0;
			shellPath = /bin/sh;
			shellScript = "diff \"${PODS_PODFILE_DIR_PATH}/Podfile.lock\" \"${PODS_ROOT}/Manifest.lock\" > /dev/null\nif [ $? != 0 ] ; then\n    # print error to STDERR\n    echo \"error: The sandbox is not in sync with the Podfile.lock. Run 'pod install' or update your CocoaPods installation.\" >&2\n    exit 1\nfi\n# This output is used by Xcode 'outputs' to avoid re-running this script phase.\necho \"SUCCESS\" > \"${SCRIPT_OUTPUT_FILE_0}\"\n";
			showEnvVarsInLog = 0;
		};
		F2094B78021C7C3F027E2E05 /* [CP] Embed Pods Frameworks */ = {
			isa = PBXShellScriptBuildPhase;
			buildActionMask = 2147483647;
			files = (
			);
			inputFileListPaths = (
				"${PODS_ROOT}/Target Support Files/Pods-InvoicesToGo/Pods-InvoicesToGo-frameworks-${CONFIGURATION}-input-files.xcfilelist",
			);
			name = "[CP] Embed Pods Frameworks";
			outputFileListPaths = (
				"${PODS_ROOT}/Target Support Files/Pods-InvoicesToGo/Pods-InvoicesToGo-frameworks-${CONFIGURATION}-output-files.xcfilelist",
			);
			runOnlyForDeploymentPostprocessing = 0;
			shellPath = /bin/sh;
			shellScript = "\"${PODS_ROOT}/Target Support Files/Pods-InvoicesToGo/Pods-InvoicesToGo-frameworks.sh\"\n";
			showEnvVarsInLog = 0;
		};
/* End PBXShellScriptBuildPhase section */

/* Begin PBXSourcesBuildPhase section */
		496A474F277179BD00DF8DE5 /* Sources */ = {
			isa = PBXSourcesBuildPhase;
			buildActionMask = 2147483647;
			files = (
				4917710F2774089100D90BC4 /* ItemCell.swift in Sources */,
				495C666F2772CDE900C2676F /* AddItemController.swift in Sources */,
				4994374D277E19AF00B51E17 /* AddClientController.swift in Sources */,
				496A4757277179BD00DF8DE5 /* AppDelegate.swift in Sources */,
				4911E344277943C6003D026D /* LoginController.swift in Sources */,
				492389C22783D94200044B71 /* PDFPreviewController.swift in Sources */,
				49943752277E526200B51E17 /* Client.swift in Sources */,
				495C666B2772C76300C2676F /* NewInvoiceViewModel.swift in Sources */,
				492389C52783DA1700044B71 /* PDFPreviewViewModel.swift in Sources */,
				4911E34B27794CC3003D026D /* SignUpController.swift in Sources */,
				4958A218277A1A5E0076F2DD /* UserService.swift in Sources */,
				497A64712777AFA40088BC30 /* Item.swift in Sources */,
				4911E34727794593003D026D /* User.swift in Sources */,
				4998055E277A5A0900C955C4 /* AuthenticationViewModel.swift in Sources */,
				496A4759277179BD00DF8DE5 /* SceneDelegate.swift in Sources */,
				49943754277E6D0200B51E17 /* InvoiceService.swift in Sources */,
				496A477327717C8C00DF8DE5 /* MainTabController.swift in Sources */,
				496A476F27717A6000DF8DE5 /* InvoicesController.swift in Sources */,
				49C98BDE277A46C100E9F0A3 /* UIViewControllerExtension.swift in Sources */,
				497A646D2777A8F40088BC30 /* InvoicesViewModel.swift in Sources */,
				49C98BDA277A43E300E9F0A3 /* ResetPasswordController.swift in Sources */,
				494037C32775718600CCCD4C /* InvoiceCell.swift in Sources */,
				496A477727717F8800DF8DE5 /* NewInvoiceController.swift in Sources */,
				497A646F2777AF910088BC30 /* Invoice.swift in Sources */,
				4958A216277A18580076F2DD /* AuthService.swift in Sources */,
				4958A21B277A1ACF0076F2DD /* Constants.swift in Sources */,
			);
			runOnlyForDeploymentPostprocessing = 0;
		};
/* End PBXSourcesBuildPhase section */

/* Begin PBXVariantGroup section */
		496A4761277179BE00DF8DE5 /* LaunchScreen.storyboard */ = {
			isa = PBXVariantGroup;
			children = (
				496A4762277179BE00DF8DE5 /* Base */,
			);
			name = LaunchScreen.storyboard;
			sourceTree = "<group>";
		};
/* End PBXVariantGroup section */

/* Begin XCBuildConfiguration section */
		496A4765277179BE00DF8DE5 /* Debug */ = {
			isa = XCBuildConfiguration;
			buildSettings = {
				ALWAYS_SEARCH_USER_PATHS = NO;
				CLANG_ANALYZER_NONNULL = YES;
				CLANG_ANALYZER_NUMBER_OBJECT_CONVERSION = YES_AGGRESSIVE;
				CLANG_CXX_LANGUAGE_STANDARD = "gnu++17";
				CLANG_CXX_LIBRARY = "libc++";
				CLANG_ENABLE_MODULES = YES;
				CLANG_ENABLE_OBJC_ARC = YES;
				CLANG_ENABLE_OBJC_WEAK = YES;
				CLANG_WARN_BLOCK_CAPTURE_AUTORELEASING = YES;
				CLANG_WARN_BOOL_CONVERSION = YES;
				CLANG_WARN_COMMA = YES;
				CLANG_WARN_CONSTANT_CONVERSION = YES;
				CLANG_WARN_DEPRECATED_OBJC_IMPLEMENTATIONS = YES;
				CLANG_WARN_DIRECT_OBJC_ISA_USAGE = YES_ERROR;
				CLANG_WARN_DOCUMENTATION_COMMENTS = YES;
				CLANG_WARN_EMPTY_BODY = YES;
				CLANG_WARN_ENUM_CONVERSION = YES;
				CLANG_WARN_INFINITE_RECURSION = YES;
				CLANG_WARN_INT_CONVERSION = YES;
				CLANG_WARN_NON_LITERAL_NULL_CONVERSION = YES;
				CLANG_WARN_OBJC_IMPLICIT_RETAIN_SELF = YES;
				CLANG_WARN_OBJC_LITERAL_CONVERSION = YES;
				CLANG_WARN_OBJC_ROOT_CLASS = YES_ERROR;
				CLANG_WARN_QUOTED_INCLUDE_IN_FRAMEWORK_HEADER = YES;
				CLANG_WARN_RANGE_LOOP_ANALYSIS = YES;
				CLANG_WARN_STRICT_PROTOTYPES = YES;
				CLANG_WARN_SUSPICIOUS_MOVE = YES;
				CLANG_WARN_UNGUARDED_AVAILABILITY = YES_AGGRESSIVE;
				CLANG_WARN_UNREACHABLE_CODE = YES;
				CLANG_WARN__DUPLICATE_METHOD_MATCH = YES;
				COPY_PHASE_STRIP = NO;
				DEBUG_INFORMATION_FORMAT = dwarf;
				ENABLE_STRICT_OBJC_MSGSEND = YES;
				ENABLE_TESTABILITY = YES;
				GCC_C_LANGUAGE_STANDARD = gnu11;
				GCC_DYNAMIC_NO_PIC = NO;
				GCC_NO_COMMON_BLOCKS = YES;
				GCC_OPTIMIZATION_LEVEL = 0;
				GCC_PREPROCESSOR_DEFINITIONS = (
					"DEBUG=1",
					"$(inherited)",
				);
				GCC_WARN_64_TO_32_BIT_CONVERSION = YES;
				GCC_WARN_ABOUT_RETURN_TYPE = YES_ERROR;
				GCC_WARN_UNDECLARED_SELECTOR = YES;
				GCC_WARN_UNINITIALIZED_AUTOS = YES_AGGRESSIVE;
				GCC_WARN_UNUSED_FUNCTION = YES;
				GCC_WARN_UNUSED_VARIABLE = YES;
				IPHONEOS_DEPLOYMENT_TARGET = 15.2;
				MTL_ENABLE_DEBUG_INFO = INCLUDE_SOURCE;
				MTL_FAST_MATH = YES;
				ONLY_ACTIVE_ARCH = YES;
				SDKROOT = iphoneos;
				SWIFT_ACTIVE_COMPILATION_CONDITIONS = DEBUG;
				SWIFT_OPTIMIZATION_LEVEL = "-Onone";
			};
			name = Debug;
		};
		496A4766277179BE00DF8DE5 /* Release */ = {
			isa = XCBuildConfiguration;
			buildSettings = {
				ALWAYS_SEARCH_USER_PATHS = NO;
				CLANG_ANALYZER_NONNULL = YES;
				CLANG_ANALYZER_NUMBER_OBJECT_CONVERSION = YES_AGGRESSIVE;
				CLANG_CXX_LANGUAGE_STANDARD = "gnu++17";
				CLANG_CXX_LIBRARY = "libc++";
				CLANG_ENABLE_MODULES = YES;
				CLANG_ENABLE_OBJC_ARC = YES;
				CLANG_ENABLE_OBJC_WEAK = YES;
				CLANG_WARN_BLOCK_CAPTURE_AUTORELEASING = YES;
				CLANG_WARN_BOOL_CONVERSION = YES;
				CLANG_WARN_COMMA = YES;
				CLANG_WARN_CONSTANT_CONVERSION = YES;
				CLANG_WARN_DEPRECATED_OBJC_IMPLEMENTATIONS = YES;
				CLANG_WARN_DIRECT_OBJC_ISA_USAGE = YES_ERROR;
				CLANG_WARN_DOCUMENTATION_COMMENTS = YES;
				CLANG_WARN_EMPTY_BODY = YES;
				CLANG_WARN_ENUM_CONVERSION = YES;
				CLANG_WARN_INFINITE_RECURSION = YES;
				CLANG_WARN_INT_CONVERSION = YES;
				CLANG_WARN_NON_LITERAL_NULL_CONVERSION = YES;
				CLANG_WARN_OBJC_IMPLICIT_RETAIN_SELF = YES;
				CLANG_WARN_OBJC_LITERAL_CONVERSION = YES;
				CLANG_WARN_OBJC_ROOT_CLASS = YES_ERROR;
				CLANG_WARN_QUOTED_INCLUDE_IN_FRAMEWORK_HEADER = YES;
				CLANG_WARN_RANGE_LOOP_ANALYSIS = YES;
				CLANG_WARN_STRICT_PROTOTYPES = YES;
				CLANG_WARN_SUSPICIOUS_MOVE = YES;
				CLANG_WARN_UNGUARDED_AVAILABILITY = YES_AGGRESSIVE;
				CLANG_WARN_UNREACHABLE_CODE = YES;
				CLANG_WARN__DUPLICATE_METHOD_MATCH = YES;
				COPY_PHASE_STRIP = NO;
				DEBUG_INFORMATION_FORMAT = "dwarf-with-dsym";
				ENABLE_NS_ASSERTIONS = NO;
				ENABLE_STRICT_OBJC_MSGSEND = YES;
				GCC_C_LANGUAGE_STANDARD = gnu11;
				GCC_NO_COMMON_BLOCKS = YES;
				GCC_WARN_64_TO_32_BIT_CONVERSION = YES;
				GCC_WARN_ABOUT_RETURN_TYPE = YES_ERROR;
				GCC_WARN_UNDECLARED_SELECTOR = YES;
				GCC_WARN_UNINITIALIZED_AUTOS = YES_AGGRESSIVE;
				GCC_WARN_UNUSED_FUNCTION = YES;
				GCC_WARN_UNUSED_VARIABLE = YES;
				IPHONEOS_DEPLOYMENT_TARGET = 15.2;
				MTL_ENABLE_DEBUG_INFO = NO;
				MTL_FAST_MATH = YES;
				SDKROOT = iphoneos;
				SWIFT_COMPILATION_MODE = wholemodule;
				SWIFT_OPTIMIZATION_LEVEL = "-O";
				VALIDATE_PRODUCT = YES;
			};
			name = Release;
		};
		496A4768277179BE00DF8DE5 /* Debug */ = {
			isa = XCBuildConfiguration;
			baseConfigurationReference = 14F16E55FB124FD6A27EEB3C /* Pods-InvoicesToGo.debug.xcconfig */;
			buildSettings = {
				ASSETCATALOG_COMPILER_APPICON_NAME = AppIcon;
				ASSETCATALOG_COMPILER_GLOBAL_ACCENT_COLOR_NAME = AccentColor;
				CODE_SIGN_STYLE = Automatic;
				CURRENT_PROJECT_VERSION = 1;
				DEVELOPMENT_TEAM = K3G4PJM663;
				GENERATE_INFOPLIST_FILE = YES;
				INFOPLIST_FILE = InvoicesToGo/Info.plist;
				INFOPLIST_KEY_UIApplicationSupportsIndirectInputEvents = YES;
				INFOPLIST_KEY_UILaunchStoryboardName = LaunchScreen;
				INFOPLIST_KEY_UISupportedInterfaceOrientations_iPad = "UIInterfaceOrientationPortrait UIInterfaceOrientationPortraitUpsideDown UIInterfaceOrientationLandscapeLeft UIInterfaceOrientationLandscapeRight";
				INFOPLIST_KEY_UISupportedInterfaceOrientations_iPhone = "UIInterfaceOrientationPortrait UIInterfaceOrientationLandscapeLeft UIInterfaceOrientationLandscapeRight";
				LD_RUNPATH_SEARCH_PATHS = (
					"$(inherited)",
					"@executable_path/Frameworks",
				);
				MARKETING_VERSION = 1.7;
				PRODUCT_BUNDLE_IDENTIFIER = com.derrick.InvoicesToGo;
				PRODUCT_NAME = "$(TARGET_NAME)";
				SWIFT_EMIT_LOC_STRINGS = YES;
				SWIFT_VERSION = 5.0;
				TARGETED_DEVICE_FAMILY = "1,2";
			};
			name = Debug;
		};
		496A4769277179BE00DF8DE5 /* Release */ = {
			isa = XCBuildConfiguration;
			baseConfigurationReference = 6C4F789BEBA85BC182E224B6 /* Pods-InvoicesToGo.release.xcconfig */;
			buildSettings = {
				ASSETCATALOG_COMPILER_APPICON_NAME = AppIcon;
				ASSETCATALOG_COMPILER_GLOBAL_ACCENT_COLOR_NAME = AccentColor;
				CODE_SIGN_STYLE = Automatic;
				CURRENT_PROJECT_VERSION = 1;
				DEVELOPMENT_TEAM = K3G4PJM663;
				GENERATE_INFOPLIST_FILE = YES;
				INFOPLIST_FILE = InvoicesToGo/Info.plist;
				INFOPLIST_KEY_UIApplicationSupportsIndirectInputEvents = YES;
				INFOPLIST_KEY_UILaunchStoryboardName = LaunchScreen;
				INFOPLIST_KEY_UISupportedInterfaceOrientations_iPad = "UIInterfaceOrientationPortrait UIInterfaceOrientationPortraitUpsideDown UIInterfaceOrientationLandscapeLeft UIInterfaceOrientationLandscapeRight";
				INFOPLIST_KEY_UISupportedInterfaceOrientations_iPhone = "UIInterfaceOrientationPortrait UIInterfaceOrientationLandscapeLeft UIInterfaceOrientationLandscapeRight";
				LD_RUNPATH_SEARCH_PATHS = (
					"$(inherited)",
					"@executable_path/Frameworks",
				);
				MARKETING_VERSION = 1.7;
				PRODUCT_BUNDLE_IDENTIFIER = com.derrick.InvoicesToGo;
				PRODUCT_NAME = "$(TARGET_NAME)";
				SWIFT_EMIT_LOC_STRINGS = YES;
				SWIFT_VERSION = 5.0;
				TARGETED_DEVICE_FAMILY = "1,2";
			};
			name = Release;
		};
/* End XCBuildConfiguration section */

/* Begin XCConfigurationList section */
		496A474E277179BD00DF8DE5 /* Build configuration list for PBXProject "InvoicesToGo" */ = {
			isa = XCConfigurationList;
			buildConfigurations = (
				496A4765277179BE00DF8DE5 /* Debug */,
				496A4766277179BE00DF8DE5 /* Release */,
			);
			defaultConfigurationIsVisible = 0;
			defaultConfigurationName = Release;
		};
		496A4767277179BE00DF8DE5 /* Build configuration list for PBXNativeTarget "InvoicesToGo" */ = {
			isa = XCConfigurationList;
			buildConfigurations = (
				496A4768277179BE00DF8DE5 /* Debug */,
				496A4769277179BE00DF8DE5 /* Release */,
			);
			defaultConfigurationIsVisible = 0;
			defaultConfigurationName = Release;
		};
/* End XCConfigurationList section */
	};
	rootObject = 496A474B277179BD00DF8DE5 /* Project object */;
}
