// !$*UTF8*$!
{
	archiveVersion = 1;
	classes = {
	};
	objectVersion = 55;
	objects = {

/* Begin PBXBuildFile section */
		496A4757277179BD00DF8DE5 /* AppDelegate.swift in Sources */ = {isa = PBXBuildFile; fileRef = 496A4756277179BD00DF8DE5 /* AppDelegate.swift */; };
		496A4759277179BD00DF8DE5 /* SceneDelegate.swift in Sources */ = {isa = PBXBuildFile; fileRef = 496A4758277179BD00DF8DE5 /* SceneDelegate.swift */; };
		496A4760277179BE00DF8DE5 /* Assets.xcassets in Resources */ = {isa = PBXBuildFile; fileRef = 496A475F277179BE00DF8DE5 /* Assets.xcassets */; };
		496A4763277179BE00DF8DE5 /* LaunchScreen.storyboard in Resources */ = {isa = PBXBuildFile; fileRef = 496A4761277179BE00DF8DE5 /* LaunchScreen.storyboard */; };
		496A476F27717A6000DF8DE5 /* InvoicesController.swift in Sources */ = {isa = PBXBuildFile; fileRef = 496A476D27717A6000DF8DE5 /* InvoicesController.swift */; };
		496A477027717A6000DF8DE5 /* InvoicesController.xib in Resources */ = {isa = PBXBuildFile; fileRef = 496A476E27717A6000DF8DE5 /* InvoicesController.xib */; };
		DF3B89C0B3B7CD9841FBA5F4 /* Pods_InvoicesToGo.framework in Frameworks */ = {isa = PBXBuildFile; fileRef = CB0275457120A331F322505D /* Pods_InvoicesToGo.framework */; };
/* End PBXBuildFile section */

/* Begin PBXFileReference section */
		14F16E55FB124FD6A27EEB3C /* Pods-InvoicesToGo.debug.xcconfig */ = {isa = PBXFileReference; includeInIndex = 1; lastKnownFileType = text.xcconfig; name = "Pods-InvoicesToGo.debug.xcconfig"; path = "Target Support Files/Pods-InvoicesToGo/Pods-InvoicesToGo.debug.xcconfig"; sourceTree = "<group>"; };
		496A4753277179BD00DF8DE5 /* InvoicesToGo.app */ = {isa = PBXFileReference; explicitFileType = wrapper.application; includeInIndex = 0; path = InvoicesToGo.app; sourceTree = BUILT_PRODUCTS_DIR; };
		496A4756277179BD00DF8DE5 /* AppDelegate.swift */ = {isa = PBXFileReference; lastKnownFileType = sourcecode.swift; path = AppDelegate.swift; sourceTree = "<group>"; };
		496A4758277179BD00DF8DE5 /* SceneDelegate.swift */ = {isa = PBXFileReference; lastKnownFileType = sourcecode.swift; path = SceneDelegate.swift; sourceTree = "<group>"; };
		496A475F277179BE00DF8DE5 /* Assets.xcassets */ = {isa = PBXFileReference; lastKnownFileType = folder.assetcatalog; path = Assets.xcassets; sourceTree = "<group>"; };
		496A4762277179BE00DF8DE5 /* Base */ = {isa = PBXFileReference; lastKnownFileType = file.storyboard; name = Base; path = Base.lproj/LaunchScreen.storyboard; sourceTree = "<group>"; };
		496A4764277179BE00DF8DE5 /* Info.plist */ = {isa = PBXFileReference; lastKnownFileType = text.plist.xml; path = Info.plist; sourceTree = "<group>"; };
		496A476D27717A6000DF8DE5 /* InvoicesController.swift */ = {isa = PBXFileReference; lastKnownFileType = sourcecode.swift; path = InvoicesController.swift; sourceTree = "<group>"; };
		496A476E27717A6000DF8DE5 /* InvoicesController.xib */ = {isa = PBXFileReference; lastKnownFileType = file.xib; path = InvoicesController.xib; sourceTree = "<group>"; };
		6C4F789BEBA85BC182E224B6 /* Pods-InvoicesToGo.release.xcconfig */ = {isa = PBXFileReference; includeInIndex = 1; lastKnownFileType = text.xcconfig; name = "Pods-InvoicesToGo.release.xcconfig"; path = "Target Support Files/Pods-InvoicesToGo/Pods-InvoicesToGo.release.xcconfig"; sourceTree = "<group>"; };
		CB0275457120A331F322505D /* Pods_InvoicesToGo.framework */ = {isa = PBXFileReference; explicitFileType = wrapper.framework; includeInIndex = 0; path = Pods_InvoicesToGo.framework; sourceTree = BUILT_PRODUCTS_DIR; };
/* End PBXFileReference section */

/* Begin PBXFrameworksBuildPhase section */
		496A4750277179BD00DF8DE5 /* Frameworks */ = {
			isa = PBXFrameworksBuildPhase;
			buildActionMask = 2147483647;
			files = (
				DF3B89C0B3B7CD9841FBA5F4 /* Pods_InvoicesToGo.framework in Frameworks */,
			);
			runOnlyForDeploymentPostprocessing = 0;
		};
/* End PBXFrameworksBuildPhase section */

/* Begin PBXGroup section */
		2839DB3D031C274E157390AA /* Pods */ = {
			isa = PBXGroup;
			children = (
				14F16E55FB124FD6A27EEB3C /* Pods-InvoicesToGo.debug.xcconfig */,
				6C4F789BEBA85BC182E224B6 /* Pods-InvoicesToGo.release.xcconfig */,
			);
			name = Pods;
			path = Pods;
			sourceTree = "<group>";
		};
		496A474A277179BD00DF8DE5 = {
			isa = PBXGroup;
			children = (
				496A4755277179BD00DF8DE5 /* InvoicesToGo */,
				496A4754277179BD00DF8DE5 /* Products */,
				2839DB3D031C274E157390AA /* Pods */,
				EB19DC5D1DBF9BF385F2D5BC /* Frameworks */,
			);
			sourceTree = "<group>";
		};
		496A4754277179BD00DF8DE5 /* Products */ = {
			isa = PBXGroup;
			children = (
				496A4753277179BD00DF8DE5 /* InvoicesToGo.app */,
			);
			name = Products;
			sourceTree = "<group>";
		};
		496A4755277179BD00DF8DE5 /* InvoicesToGo */ = {
			isa = PBXGroup;
			children = (
				496A476A277179F600DF8DE5 /* Controllers */,
				496A4756277179BD00DF8DE5 /* AppDelegate.swift */,
				496A4758277179BD00DF8DE5 /* SceneDelegate.swift */,
				496A475F277179BE00DF8DE5 /* Assets.xcassets */,
				496A4761277179BE00DF8DE5 /* LaunchScreen.storyboard */,
				496A4764277179BE00DF8DE5 /* Info.plist */,
			);
			path = InvoicesToGo;
			sourceTree = "<group>";
		};
		496A476A277179F600DF8DE5 /* Controllers */ = {
			isa = PBXGroup;
			children = (
				496A477127717AA500DF8DE5 /* Invoices */,
			);
			path = Controllers;
			sourceTree = "<group>";
		};
		496A477127717AA500DF8DE5 /* Invoices */ = {
			isa = PBXGroup;
			children = (
				496A476D27717A6000DF8DE5 /* InvoicesController.swift */,
				496A476E27717A6000DF8DE5 /* InvoicesController.xib */,
			);
			path = Invoices;
			sourceTree = "<group>";
		};
		EB19DC5D1DBF9BF385F2D5BC /* Frameworks */ = {
			isa = PBXGroup;
			children = (
				CB0275457120A331F322505D /* Pods_InvoicesToGo.framework */,
			);
			name = Frameworks;
			sourceTree = "<group>";
		};
/* End PBXGroup section */

/* Begin PBXNativeTarget section */
		496A4752277179BD00DF8DE5 /* InvoicesToGo */ = {
			isa = PBXNativeTarget;
			buildConfigurationList = 496A4767277179BE00DF8DE5 /* Build configuration list for PBXNativeTarget "InvoicesToGo" */;
			buildPhases = (
				199860E8C6C6C62649ADF9AB /* [CP] Check Pods Manifest.lock */,
				496A474F277179BD00DF8DE5 /* Sources */,
				496A4750277179BD00DF8DE5 /* Frameworks */,
				496A4751277179BD00DF8DE5 /* Resources */,
			);
			buildRules = (
			);
			dependencies = (
			);
			name = InvoicesToGo;
			productName = InvoicesToGo;
			productReference = 496A4753277179BD00DF8DE5 /* InvoicesToGo.app */;
			productType = "com.apple.product-type.application";
		};
/* End PBXNativeTarget section */

/* Begin PBXProject section */
		496A474B277179BD00DF8DE5 /* Project object */ = {
			isa = PBXProject;
			attributes = {
				BuildIndependentTargetsInParallel = 1;
				LastSwiftUpdateCheck = 1320;
				LastUpgradeCheck = 1320;
				TargetAttributes = {
					496A4752277179BD00DF8DE5 = {
						CreatedOnToolsVersion = 13.2.1;
					};
				};
			};
			buildConfigurationList = 496A474E277179BD00DF8DE5 /* Build configuration list for PBXProject "InvoicesToGo" */;
			compatibilityVersion = "Xcode 13.0";
			developmentRegion = en;
			hasScannedForEncodings = 0;
			knownRegions = (
				en,
				Base,
			);
			mainGroup = 496A474A277179BD00DF8DE5;
			productRefGroup = 496A4754277179BD00DF8DE5 /* Products */;
			projectDirPath = "";
			projectRoot = "";
			targets = (
				496A4752277179BD00DF8DE5 /* InvoicesToGo */,
			);
		};
/* End PBXProject section */

/* Begin PBXResourcesBuildPhase section */
		496A4751277179BD00DF8DE5 /* Resources */ = {
			isa = PBXResourcesBuildPhase;
			buildActionMask = 2147483647;
			files = (
				496A477027717A6000DF8DE5 /* InvoicesController.xib in Resources */,
				496A4763277179BE00DF8DE5 /* LaunchScreen.storyboard in Resources */,
				496A4760277179BE00DF8DE5 /* Assets.xcassets in Resources */,
			);
			runOnlyForDeploymentPostprocessing = 0;
		};
/* End PBXResourcesBuildPhase section */

/* Begin PBXShellScriptBuildPhase section */
		199860E8C6C6C62649ADF9AB /* [CP] Check Pods Manifest.lock */ = {
			isa = PBXShellScriptBuildPhase;
			buildActionMask = 2147483647;
			files = (
			);
			inputFileListPaths = (
			);
			inputPaths = (
				"${PODS_PODFILE_DIR_PATH}/Podfile.lock",
				"${PODS_ROOT}/Manifest.lock",
			);
			name = "[CP] Check Pods Manifest.lock";
			outputFileListPaths = (
			);
			outputPaths = (
				"$(DERIVED_FILE_DIR)/Pods-InvoicesToGo-checkManifestLockResult.txt",
			);
			runOnlyForDeploymentPostprocessing = 0;
			shellPath = /bin/sh;
			shellScript = "diff \"${PODS_PODFILE_DIR_PATH}/Podfile.lock\" \"${PODS_ROOT}/Manifest.lock\" > /dev/null\nif [ $? != 0 ] ; then\n    # print error to STDERR\n    echo \"error: The sandbox is not in sync with the Podfile.lock. Run 'pod install' or update your CocoaPods installation.\" >&2\n    exit 1\nfi\n# This output is used by Xcode 'outputs' to avoid re-running this script phase.\necho \"SUCCESS\" > \"${SCRIPT_OUTPUT_FILE_0}\"\n";
			showEnvVarsInLog = 0;
		};
/* End PBXShellScriptBuildPhase section */

/* Begin PBXSourcesBuildPhase section */
		496A474F277179BD00DF8DE5 /* Sources */ = {
			isa = PBXSourcesBuildPhase;
			buildActionMask = 2147483647;
			files = (
				496A4757277179BD00DF8DE5 /* AppDelegate.swift in Sources */,
				496A4759277179BD00DF8DE5 /* SceneDelegate.swift in Sources */,
				496A476F27717A6000DF8DE5 /* InvoicesController.swift in Sources */,
			);
			runOnlyForDeploymentPostprocessing = 0;
		};
/* End PBXSourcesBuildPhase section */

/* Begin PBXVariantGroup section */
		496A4761277179BE00DF8DE5 /* LaunchScreen.storyboard */ = {
			isa = PBXVariantGroup;
			children = (
				496A4762277179BE00DF8DE5 /* Base */,
			);
			name = LaunchScreen.storyboard;
			sourceTree = "<group>";
		};
/* End PBXVariantGroup section */

/* Begin XCBuildConfiguration section */
		496A4765277179BE00DF8DE5 /* Debug */ = {
			isa = XCBuildConfiguration;
			buildSettings = {
				ALWAYS_SEARCH_USER_PATHS = NO;
				CLANG_ANALYZER_NONNULL = YES;
				CLANG_ANALYZER_NUMBER_OBJECT_CONVERSION = YES_AGGRESSIVE;
				CLANG_CXX_LANGUAGE_STANDARD = "gnu++17";
				CLANG_CXX_LIBRARY = "libc++";
				CLANG_ENABLE_MODULES = YES;
				CLANG_ENABLE_OBJC_ARC = YES;
				CLANG_ENABLE_OBJC_WEAK = YES;
				CLANG_WARN_BLOCK_CAPTURE_AUTORELEASING = YES;
				CLANG_WARN_BOOL_CONVERSION = YES;
				CLANG_WARN_COMMA = YES;
				CLANG_WARN_CONSTANT_CONVERSION = YES;
				CLANG_WARN_DEPRECATED_OBJC_IMPLEMENTATIONS = YES;
				CLANG_WARN_DIRECT_OBJC_ISA_USAGE = YES_ERROR;
				CLANG_WARN_DOCUMENTATION_COMMENTS = YES;
				CLANG_WARN_EMPTY_BODY = YES;
				CLANG_WARN_ENUM_CONVERSION = YES;
				CLANG_WARN_INFINITE_RECURSION = YES;
				CLANG_WARN_INT_CONVERSION = YES;
				CLANG_WARN_NON_LITERAL_NULL_CONVERSION = YES;
				CLANG_WARN_OBJC_IMPLICIT_RETAIN_SELF = YES;
				CLANG_WARN_OBJC_LITERAL_CONVERSION = YES;
				CLANG_WARN_OBJC_ROOT_CLASS = YES_ERROR;
				CLANG_WARN_QUOTED_INCLUDE_IN_FRAMEWORK_HEADER = YES;
				CLANG_WARN_RANGE_LOOP_ANALYSIS = YES;
				CLANG_WARN_STRICT_PROTOTYPES = YES;
				CLANG_WARN_SUSPICIOUS_MOVE = YES;
				CLANG_WARN_UNGUARDED_AVAILABILITY = YES_AGGRESSIVE;
				CLANG_WARN_UNREACHABLE_CODE = YES;
				CLANG_WARN__DUPLICATE_METHOD_MATCH = YES;
				COPY_PHASE_STRIP = NO;
				DEBUG_INFORMATION_FORMAT = dwarf;
				ENABLE_STRICT_OBJC_MSGSEND = YES;
				ENABLE_TESTABILITY = YES;
				GCC_C_LANGUAGE_STANDARD = gnu11;
				GCC_DYNAMIC_NO_PIC = NO;
				GCC_NO_COMMON_BLOCKS = YES;
				GCC_OPTIMIZATION_LEVEL = 0;
				GCC_PREPROCESSOR_DEFINITIONS = (
					"DEBUG=1",
					"$(inherited)",
				);
				GCC_WARN_64_TO_32_BIT_CONVERSION = YES;
				GCC_WARN_ABOUT_RETURN_TYPE = YES_ERROR;
				GCC_WARN_UNDECLARED_SELECTOR = YES;
				GCC_WARN_UNINITIALIZED_AUTOS = YES_AGGRESSIVE;
				GCC_WARN_UNUSED_FUNCTION = YES;
				GCC_WARN_UNUSED_VARIABLE = YES;
				IPHONEOS_DEPLOYMENT_TARGET = 15.2;
				MTL_ENABLE_DEBUG_INFO = INCLUDE_SOURCE;
				MTL_FAST_MATH = YES;
				ONLY_ACTIVE_ARCH = YES;
				SDKROOT = iphoneos;
				SWIFT_ACTIVE_COMPILATION_CONDITIONS = DEBUG;
				SWIFT_OPTIMIZATION_LEVEL = "-Onone";
			};
			name = Debug;
		};
		496A4766277179BE00DF8DE5 /* Release */ = {
			isa = XCBuildConfiguration;
			buildSettings = {
				ALWAYS_SEARCH_USER_PATHS = NO;
				CLANG_ANALYZER_NONNULL = YES;
				CLANG_ANALYZER_NUMBER_OBJECT_CONVERSION = YES_AGGRESSIVE;
				CLANG_CXX_LANGUAGE_STANDARD = "gnu++17";
				CLANG_CXX_LIBRARY = "libc++";
				CLANG_ENABLE_MODULES = YES;
				CLANG_ENABLE_OBJC_ARC = YES;
				CLANG_ENABLE_OBJC_WEAK = YES;
				CLANG_WARN_BLOCK_CAPTURE_AUTORELEASING = YES;
				CLANG_WARN_BOOL_CONVERSION = YES;
				CLANG_WARN_COMMA = YES;
				CLANG_WARN_CONSTANT_CONVERSION = YES;
				CLANG_WARN_DEPRECATED_OBJC_IMPLEMENTATIONS = YES;
				CLANG_WARN_DIRECT_OBJC_ISA_USAGE = YES_ERROR;
				CLANG_WARN_DOCUMENTATION_COMMENTS = YES;
				CLANG_WARN_EMPTY_BODY = YES;
				CLANG_WARN_ENUM_CONVERSION = YES;
				CLANG_WARN_INFINITE_RECURSION = YES;
				CLANG_WARN_INT_CONVERSION = YES;
				CLANG_WARN_NON_LITERAL_NULL_CONVERSION = YES;
				CLANG_WARN_OBJC_IMPLICIT_RETAIN_SELF = YES;
				CLANG_WARN_OBJC_LITERAL_CONVERSION = YES;
				CLANG_WARN_OBJC_ROOT_CLASS = YES_ERROR;
				CLANG_WARN_QUOTED_INCLUDE_IN_FRAMEWORK_HEADER = YES;
				CLANG_WARN_RANGE_LOOP_ANALYSIS = YES;
				CLANG_WARN_STRICT_PROTOTYPES = YES;
				CLANG_WARN_SUSPICIOUS_MOVE = YES;
				CLANG_WARN_UNGUARDED_AVAILABILITY = YES_AGGRESSIVE;
				CLANG_WARN_UNREACHABLE_CODE = YES;
				CLANG_WARN__DUPLICATE_METHOD_MATCH = YES;
				COPY_PHASE_STRIP = NO;
				DEBUG_INFORMATION_FORMAT = "dwarf-with-dsym";
				ENABLE_NS_ASSERTIONS = NO;
				ENABLE_STRICT_OBJC_MSGSEND = YES;
				GCC_C_LANGUAGE_STANDARD = gnu11;
				GCC_NO_COMMON_BLOCKS = YES;
				GCC_WARN_64_TO_32_BIT_CONVERSION = YES;
				GCC_WARN_ABOUT_RETURN_TYPE = YES_ERROR;
				GCC_WARN_UNDECLARED_SELECTOR = YES;
				GCC_WARN_UNINITIALIZED_AUTOS = YES_AGGRESSIVE;
				GCC_WARN_UNUSED_FUNCTION = YES;
				GCC_WARN_UNUSED_VARIABLE = YES;
				IPHONEOS_DEPLOYMENT_TARGET = 15.2;
				MTL_ENABLE_DEBUG_INFO = NO;
				MTL_FAST_MATH = YES;
				SDKROOT = iphoneos;
				SWIFT_COMPILATION_MODE = wholemodule;
				SWIFT_OPTIMIZATION_LEVEL = "-O";
				VALIDATE_PRODUCT = YES;
			};
			name = Release;
		};
		496A4768277179BE00DF8DE5 /* Debug */ = {
			isa = XCBuildConfiguration;
			baseConfigurationReference = 14F16E55FB124FD6A27EEB3C /* Pods-InvoicesToGo.debug.xcconfig */;
			buildSettings = {
				ASSETCATALOG_COMPILER_APPICON_NAME = AppIcon;
				ASSETCATALOG_COMPILER_GLOBAL_ACCENT_COLOR_NAME = AccentColor;
				CODE_SIGN_STYLE = Automatic;
				CURRENT_PROJECT_VERSION = 1;
				DEVELOPMENT_TEAM = K3G4PJM663;
				GENERATE_INFOPLIST_FILE = YES;
				INFOPLIST_FILE = InvoicesToGo/Info.plist;
				INFOPLIST_KEY_UIApplicationSupportsIndirectInputEvents = YES;
				INFOPLIST_KEY_UILaunchStoryboardName = LaunchScreen;
				INFOPLIST_KEY_UISupportedInterfaceOrientations_iPad = "UIInterfaceOrientationPortrait UIInterfaceOrientationPortraitUpsideDown UIInterfaceOrientationLandscapeLeft UIInterfaceOrientationLandscapeRight";
				INFOPLIST_KEY_UISupportedInterfaceOrientations_iPhone = "UIInterfaceOrientationPortrait UIInterfaceOrientationLandscapeLeft UIInterfaceOrientationLandscapeRight";
				LD_RUNPATH_SEARCH_PATHS = (
					"$(inherited)",
					"@executable_path/Frameworks",
				);
				MARKETING_VERSION = 1.0;
				PRODUCT_BUNDLE_IDENTIFIER = com.derrick.InvoicesToGo;
				PRODUCT_NAME = "$(TARGET_NAME)";
				SWIFT_EMIT_LOC_STRINGS = YES;
				SWIFT_VERSION = 5.0;
				TARGETED_DEVICE_FAMILY = "1,2";
			};
			name = Debug;
		};
		496A4769277179BE00DF8DE5 /* Release */ = {
			isa = XCBuildConfiguration;
			baseConfigurationReference = 6C4F789BEBA85BC182E224B6 /* Pods-InvoicesToGo.release.xcconfig */;
			buildSettings = {
				ASSETCATALOG_COMPILER_APPICON_NAME = AppIcon;
				ASSETCATALOG_COMPILER_GLOBAL_ACCENT_COLOR_NAME = AccentColor;
				CODE_SIGN_STYLE = Automatic;
				CURRENT_PROJECT_VERSION = 1;
				DEVELOPMENT_TEAM = K3G4PJM663;
				GENERATE_INFOPLIST_FILE = YES;
				INFOPLIST_FILE = InvoicesToGo/Info.plist;
				INFOPLIST_KEY_UIApplicationSupportsIndirectInputEvents = YES;
				INFOPLIST_KEY_UILaunchStoryboardName = LaunchScreen;
				INFOPLIST_KEY_UISupportedInterfaceOrientations_iPad = "UIInterfaceOrientationPortrait UIInterfaceOrientationPortraitUpsideDown UIInterfaceOrientationLandscapeLeft UIInterfaceOrientationLandscapeRight";
				INFOPLIST_KEY_UISupportedInterfaceOrientations_iPhone = "UIInterfaceOrientationPortrait UIInterfaceOrientationLandscapeLeft UIInterfaceOrientationLandscapeRight";
				LD_RUNPATH_SEARCH_PATHS = (
					"$(inherited)",
					"@executable_path/Frameworks",
				);
				MARKETING_VERSION = 1.0;
				PRODUCT_BUNDLE_IDENTIFIER = com.derrick.InvoicesToGo;
				PRODUCT_NAME = "$(TARGET_NAME)";
				SWIFT_EMIT_LOC_STRINGS = YES;
				SWIFT_VERSION = 5.0;
				TARGETED_DEVICE_FAMILY = "1,2";
			};
			name = Release;
		};
/* End XCBuildConfiguration section */

/* Begin XCConfigurationList section */
		496A474E277179BD00DF8DE5 /* Build configuration list for PBXProject "InvoicesToGo" */ = {
			isa = XCConfigurationList;
			buildConfigurations = (
				496A4765277179BE00DF8DE5 /* Debug */,
				496A4766277179BE00DF8DE5 /* Release */,
			);
			defaultConfigurationIsVisible = 0;
			defaultConfigurationName = Release;
		};
		496A4767277179BE00DF8DE5 /* Build configuration list for PBXNativeTarget "InvoicesToGo" */ = {
			isa = XCConfigurationList;
			buildConfigurations = (
				496A4768277179BE00DF8DE5 /* Debug */,
				496A4769277179BE00DF8DE5 /* Release */,
			);
			defaultConfigurationIsVisible = 0;
			defaultConfigurationName = Release;
		};
/* End XCConfigurationList section */
	};
	rootObject = 496A474B277179BD00DF8DE5 /* Project object */;
}
